
Microsoft Visual Studio Solution File, Format Version 12.00
# Visual Studio Version 17
VisualStudioVersion = 17.5.33530.505
MinimumVisualStudioVersion = 10.0.40219.1
Project("{FAE04EC0-301F-11D3-BF4B-00C04F79EFBC}") = "PlayHarmoniez", "PlayHarmoniez\PlayHarmoniez.csproj", "{5C3F60D1-B0BF-445F-9E0A-60645A1905C4}"
EndProject
Global
	GlobalSection(SolutionConfigurationPlatforms) = preSolution
		Debug|Any CPU = Debug|Any CPU
		Release|Any CPU = Release|Any CPU
	EndGlobalSection
	GlobalSection(ProjectConfigurationPlatforms) = postSolution
		{5C3F60D1-B0BF-445F-9E0A-60645A1905C4}.Debug|Any CPU.ActiveCfg = Debug|Any CPU
		{5C3F60D1-B0BF-445F-9E0A-60645A1905C4}.Debug|Any CPU.Build.0 = Debug|Any CPU
		{5C3F60D1-B0BF-445F-9E0A-60645A1905C4}.Release|Any CPU.ActiveCfg = Release|Any CPU
		{5C3F60D1-B0BF-445F-9E0A-60645A1905C4}.Release|Any CPU.Build.0 = Release|Any CPU
	EndGlobalSection
	GlobalSection(SolutionProperties) = preSolution
		HideSolutionNode = FALSE
	EndGlobalSection
	GlobalSection(ExtensibilityGlobals) = postSolution
		SolutionGuid = {B889CF36-5B82-492A-A44C-62D08CDF238F}
	EndGlobalSection
EndGlobal
