
Microsoft Visual Studio Solution File, Format Version 12.00
# Visual Studio Version 17
VisualStudioVersion = 17.5.33516.290
MinimumVisualStudioVersion = 10.0.40219.1
Project("{FAE04EC0-301F-11D3-BF4B-00C04F79EFBC}") = "IndustrialInformaticsProject", "IndustrialInformaticsProject\IndustrialInformaticsProject.csproj", "{7F70E47A-869B-4D00-A0A7-C426F544B773}"
EndProject
Global
	GlobalSection(SolutionConfigurationPlatforms) = preSolution
		Debug|Any CPU = Debug|Any CPU
		Release|Any CPU = Release|Any CPU
	EndGlobalSection
	GlobalSection(ProjectConfigurationPlatforms) = postSolution
		{7F70E47A-869B-4D00-A0A7-C426F544B773}.Debug|Any CPU.ActiveCfg = Debug|Any CPU
		{7F70E47A-869B-4D00-A0A7-C426F544B773}.Debug|Any CPU.Build.0 = Debug|Any CPU
		{7F70E47A-869B-4D00-A0A7-C426F544B773}.Release|Any CPU.ActiveCfg = Release|Any CPU
		{7F70E47A-869B-4D00-A0A7-C426F544B773}.Release|Any CPU.Build.0 = Release|Any CPU
	EndGlobalSection
	GlobalSection(SolutionProperties) = preSolution
		HideSolutionNode = FALSE
	EndGlobalSection
	GlobalSection(ExtensibilityGlobals) = postSolution
		SolutionGuid = {88776950-7426-4A2D-9AB0-F51A29620DEA}
	EndGlobalSection
EndGlobal
